
Microsoft Visual Studio Solution File, Format Version 12.00
# Visual Studio Version 17
VisualStudioVersion = 17.12.35506.116
MinimumVisualStudioVersion = 10.0.40219.1
Project("{FAE04EC0-301F-11D3-BF4B-00C04F79EFBC}") = "BakingSisters.Web", "BakingSisters.Web\BakingSisters.Web.csproj", "{269EB010-2C19-49D5-B2CE-B2FE808C697E}"
EndProject
Project("{FAE04EC0-301F-11D3-BF4B-00C04F79EFBC}") = "BakingSisters.Api", "BakingSisters.Api\BakingSisters.Api.csproj", "{6BEB4432-B763-4EF1-A0BE-D330A8DF0D7A}"
EndProject
Project("{FAE04EC0-301F-11D3-BF4B-00C04F79EFBC}") = "BakingSisters.Testing", "BakingSisters.Testing\BakingSisters.Testing.csproj", "{FCEAE6DE-F6E8-46A9-B83C-B4DB541ED0BB}"
EndProject
Global
	GlobalSection(SolutionConfigurationPlatforms) = preSolution
		Debug|Any CPU = Debug|Any CPU
		Release|Any CPU = Release|Any CPU
	EndGlobalSection
	GlobalSection(ProjectConfigurationPlatforms) = postSolution
		{269EB010-2C19-49D5-B2CE-B2FE808C697E}.Debug|Any CPU.ActiveCfg = Debug|Any CPU
		{269EB010-2C19-49D5-B2CE-B2FE808C697E}.Debug|Any CPU.Build.0 = Debug|Any CPU
		{269EB010-2C19-49D5-B2CE-B2FE808C697E}.Release|Any CPU.ActiveCfg = Release|Any CPU
		{269EB010-2C19-49D5-B2CE-B2FE808C697E}.Release|Any CPU.Build.0 = Release|Any CPU
		{6BEB4432-B763-4EF1-A0BE-D330A8DF0D7A}.Debug|Any CPU.ActiveCfg = Debug|Any CPU
		{6BEB4432-B763-4EF1-A0BE-D330A8DF0D7A}.Debug|Any CPU.Build.0 = Debug|Any CPU
		{6BEB4432-B763-4EF1-A0BE-D330A8DF0D7A}.Release|Any CPU.ActiveCfg = Release|Any CPU
		{6BEB4432-B763-4EF1-A0BE-D330A8DF0D7A}.Release|Any CPU.Build.0 = Release|Any CPU
		{FCEAE6DE-F6E8-46A9-B83C-B4DB541ED0BB}.Debug|Any CPU.ActiveCfg = Debug|Any CPU
		{FCEAE6DE-F6E8-46A9-B83C-B4DB541ED0BB}.Debug|Any CPU.Build.0 = Debug|Any CPU
		{FCEAE6DE-F6E8-46A9-B83C-B4DB541ED0BB}.Release|Any CPU.ActiveCfg = Release|Any CPU
		{FCEAE6DE-F6E8-46A9-B83C-B4DB541ED0BB}.Release|Any CPU.Build.0 = Release|Any CPU
	EndGlobalSection
	GlobalSection(SolutionProperties) = preSolution
		HideSolutionNode = FALSE
	EndGlobalSection
	GlobalSection(ExtensibilityGlobals) = postSolution
		SolutionGuid = {65221ED3-594E-4473-9CAA-B937720DD01E}
	EndGlobalSection
EndGlobal
